# This file is @generated by PDM.
# It is not intended for manual editing.

[metadata]
groups = ["default"]
strategy = ["inherit_metadata"]
lock_version = "4.5.0"
content_hash = "sha256:e72ec0f71d8257e7a10fa341512803b79844a8c420cdaa34e44ef331a1231310"

[[metadata.targets]]
requires_python = ">=3.12"

[[package]]
name = "dunamai"
version = "1.22.0"
requires_python = ">=3.5"
summary = "Dynamic version generation"
groups = ["default"]
dependencies = [
    "importlib-metadata>=1.6.0; python_version < \"3.8\"",
    "packaging>=20.9",
]
files = [
    {file = "dunamai-1.22.0-py3-none-any.whl", hash = "sha256:eab3894b31e145bd028a74b13491c57db01986a7510482c9b5fff3b4e53d77b7"},
    {file = "dunamai-1.22.0.tar.gz", hash = "sha256:375a0b21309336f0d8b6bbaea3e038c36f462318c68795166e31f9873fdad676"},
]

[[package]]
name = "meson"
version = "1.6.0"
requires_python = ">=3.7"
summary = "A high performance build system"
groups = ["default"]
files = [
    {file = "meson-1.6.0-py3-none-any.whl", hash = "sha256:234a45f9206c6ee33b473ec1baaef359d20c0b89a71871d58c65a6db6d98fe74"},
    {file = "meson-1.6.0.tar.gz", hash = "sha256:999b65f21c03541cf11365489c1fad22e2418bb0c3d50ca61139f2eec09d5496"},
]

[[package]]
name = "ninja"
version = "1.11.1.1"
summary = "Ninja is a small build system with a focus on speed"
groups = ["default"]
files = [
    {file = "ninja-1.11.1.1-py2.py3-none-macosx_10_9_universal2.macosx_10_9_x86_64.macosx_11_0_arm64.macosx_11_0_universal2.whl", hash = "sha256:376889c76d87b95b5719fdd61dd7db193aa7fd4432e5d52d2e44e4c497bdbbee"},
    {file = "ninja-1.11.1.1-py2.py3-none-manylinux1_i686.manylinux_2_5_i686.whl", hash = "sha256:ecf80cf5afd09f14dcceff28cb3f11dc90fb97c999c89307aea435889cb66877"},
    {file = "ninja-1.11.1.1-py2.py3-none-manylinux1_x86_64.manylinux_2_5_x86_64.whl", hash = "sha256:84502ec98f02a037a169c4b0d5d86075eaf6afc55e1879003d6cab51ced2ea4b"},
    {file = "ninja-1.11.1.1-py2.py3-none-manylinux2014_aarch64.manylinux_2_17_aarch64.whl", hash = "sha256:73b93c14046447c7c5cc892433d4fae65d6364bec6685411cb97a8bcf815f93a"},
    {file = "ninja-1.11.1.1-py2.py3-none-manylinux2014_ppc64le.manylinux_2_17_ppc64le.whl", hash = "sha256:18302d96a5467ea98b68e1cae1ae4b4fb2b2a56a82b955193c637557c7273dbd"},
    {file = "ninja-1.11.1.1-py2.py3-none-manylinux2014_s390x.manylinux_2_17_s390x.whl", hash = "sha256:aad34a70ef15b12519946c5633344bc775a7656d789d9ed5fdb0d456383716ef"},
    {file = "ninja-1.11.1.1-py2.py3-none-musllinux_1_1_aarch64.whl", hash = "sha256:d491fc8d89cdcb416107c349ad1e3a735d4c4af5e1cb8f5f727baca6350fdaea"},
    {file = "ninja-1.11.1.1-py2.py3-none-musllinux_1_1_i686.whl", hash = "sha256:7563ce1d9fe6ed5af0b8dd9ab4a214bf4ff1f2f6fd6dc29f480981f0f8b8b249"},
    {file = "ninja-1.11.1.1-py2.py3-none-musllinux_1_1_ppc64le.whl", hash = "sha256:9df724344202b83018abb45cb1efc22efd337a1496514e7e6b3b59655be85205"},
    {file = "ninja-1.11.1.1-py2.py3-none-musllinux_1_1_s390x.whl", hash = "sha256:3e0f9be5bb20d74d58c66cc1c414c3e6aeb45c35b0d0e41e8d739c2c0d57784f"},
    {file = "ninja-1.11.1.1-py2.py3-none-musllinux_1_1_x86_64.whl", hash = "sha256:76482ba746a2618eecf89d5253c0d1e4f1da1270d41e9f54dfbd91831b0f6885"},
    {file = "ninja-1.11.1.1-py2.py3-none-win32.whl", hash = "sha256:fa2ba9d74acfdfbfbcf06fad1b8282de8a7a8c481d9dee45c859a8c93fcc1082"},
    {file = "ninja-1.11.1.1-py2.py3-none-win_amd64.whl", hash = "sha256:95da904130bfa02ea74ff9c0116b4ad266174fafb1c707aa50212bc7859aebf1"},
    {file = "ninja-1.11.1.1-py2.py3-none-win_arm64.whl", hash = "sha256:185e0641bde601e53841525c4196278e9aaf4463758da6dd1e752c0a0f54136a"},
    {file = "ninja-1.11.1.1.tar.gz", hash = "sha256:9d793b08dd857e38d0b6ffe9e6b7145d7c485a42dcfea04905ca0cdb6017cc3c"},
]

[[package]]
name = "packaging"
version = "24.2"
requires_python = ">=3.8"
summary = "Core utilities for Python packages"
groups = ["default"]
files = [
    {file = "packaging-24.2-py3-none-any.whl", hash = "sha256:09abb1bccd265c01f4a3aa3f7a7db064b36514d2cba19a2f694fe6150451a759"},
    {file = "packaging-24.2.tar.gz", hash = "sha256:c228a6dc5e932d346bc5739379109d49e8853dd8223571c7c5b55260edc0b97f"},
]
